
Microsoft Visual Studio Solution File, Format Version 12.00
# Visual Studio Version 16
VisualStudioVersion = 16.0.30523.141
MinimumVisualStudioVersion = 10.0.40219.1
Project("{8BC9CEB8-8B4A-11D0-8D11-00A0C91BC942}") = "lab8.2", "lab8.2\lab8.2.vcxproj", "{72CF3182-BBDA-482D-8DF1-A9F29011E208}"
EndProject
Project("{8BC9CEB8-8B4A-11D0-8D11-00A0C91BC942}") = "UnitTest8.2", "UnitTest8.2\UnitTest8.2.vcxproj", "{A0A8EB30-9025-4E20-B6BE-50CF904AF42C}"
EndProject
Global
	GlobalSection(SolutionConfigurationPlatforms) = preSolution
		Debug|x64 = Debug|x64
		Debug|x86 = Debug|x86
		Release|x64 = Release|x64
		Release|x86 = Release|x86
	EndGlobalSection
	GlobalSection(ProjectConfigurationPlatforms) = postSolution
		{72CF3182-BBDA-482D-8DF1-A9F29011E208}.Debug|x64.ActiveCfg = Debug|x64
		{72CF3182-BBDA-482D-8DF1-A9F29011E208}.Debug|x64.Build.0 = Debug|x64
		{72CF3182-BBDA-482D-8DF1-A9F29011E208}.Debug|x86.ActiveCfg = Debug|Win32
		{72CF3182-BBDA-482D-8DF1-A9F29011E208}.Debug|x86.Build.0 = Debug|Win32
		{72CF3182-BBDA-482D-8DF1-A9F29011E208}.Release|x64.ActiveCfg = Release|x64
		{72CF3182-BBDA-482D-8DF1-A9F29011E208}.Release|x64.Build.0 = Release|x64
		{72CF3182-BBDA-482D-8DF1-A9F29011E208}.Release|x86.ActiveCfg = Release|Win32
		{72CF3182-BBDA-482D-8DF1-A9F29011E208}.Release|x86.Build.0 = Release|Win32
		{A0A8EB30-9025-4E20-B6BE-50CF904AF42C}.Debug|x64.ActiveCfg = Debug|x64
		{A0A8EB30-9025-4E20-B6BE-50CF904AF42C}.Debug|x64.Build.0 = Debug|x64
		{A0A8EB30-9025-4E20-B6BE-50CF904AF42C}.Debug|x86.ActiveCfg = Debug|Win32
		{A0A8EB30-9025-4E20-B6BE-50CF904AF42C}.Debug|x86.Build.0 = Debug|Win32
		{A0A8EB30-9025-4E20-B6BE-50CF904AF42C}.Release|x64.ActiveCfg = Release|x64
		{A0A8EB30-9025-4E20-B6BE-50CF904AF42C}.Release|x64.Build.0 = Release|x64
		{A0A8EB30-9025-4E20-B6BE-50CF904AF42C}.Release|x86.ActiveCfg = Release|Win32
		{A0A8EB30-9025-4E20-B6BE-50CF904AF42C}.Release|x86.Build.0 = Release|Win32
	EndGlobalSection
	GlobalSection(SolutionProperties) = preSolution
		HideSolutionNode = FALSE
	EndGlobalSection
	GlobalSection(ExtensibilityGlobals) = postSolution
		SolutionGuid = {0D21A9F6-DB12-46AE-BFCF-40A27F3A3366}
	EndGlobalSection
EndGlobal
